// !$*UTF8*$!
{
	archiveVersion = 1;
	classes = {
	};
	objectVersion = 55;
	objects = {

/* Begin PBXBuildFile section */
		CB3A287828840F9500FB567A /* AppDelegate.swift in Sources */ = {isa = PBXBuildFile; fileRef = CB3A287728840F9500FB567A /* AppDelegate.swift */; };
		CB3A287A28840F9500FB567A /* SceneDelegate.swift in Sources */ = {isa = PBXBuildFile; fileRef = CB3A287928840F9500FB567A /* SceneDelegate.swift */; };
		CB3A287C28840F9500FB567A /* LogInViewController.swift in Sources */ = {isa = PBXBuildFile; fileRef = CB3A287B28840F9500FB567A /* LogInViewController.swift */; };
		CB3A288128840F9600FB567A /* Assets.xcassets in Resources */ = {isa = PBXBuildFile; fileRef = CB3A288028840F9600FB567A /* Assets.xcassets */; };
		CB3A288428840F9600FB567A /* LaunchScreen.storyboard in Resources */ = {isa = PBXBuildFile; fileRef = CB3A288228840F9600FB567A /* LaunchScreen.storyboard */; };
		CB3A288C288412EF00FB567A /* GoogleService-Info.plist in Resources */ = {isa = PBXBuildFile; fileRef = CB3A288B288412EF00FB567A /* GoogleService-Info.plist */; };
		CB5219282884408B00C02520 /* MainViewController.swift in Sources */ = {isa = PBXBuildFile; fileRef = CB5219272884408B00C02520 /* MainViewController.swift */; };
		CB52192B28844AF100C02520 /* SignUpViewController.swift in Sources */ = {isa = PBXBuildFile; fileRef = CB52192A28844AF100C02520 /* SignUpViewController.swift */; };
		CB52192D2884704400C02520 /* BaseViewController.swift in Sources */ = {isa = PBXBuildFile; fileRef = CB52192C2884704400C02520 /* BaseViewController.swift */; };
		CB52192F288470BA00C02520 /* BackButton.swift in Sources */ = {isa = PBXBuildFile; fileRef = CB52192E288470BA00C02520 /* BackButton.swift */; };
		CB521931288470C700C02520 /* SettingButton.swift in Sources */ = {isa = PBXBuildFile; fileRef = CB521930288470C700C02520 /* SettingButton.swift */; };
		CB521933288470E600C02520 /* ImageLiteral.swift in Sources */ = {isa = PBXBuildFile; fileRef = CB521932288470E600C02520 /* ImageLiteral.swift */; };
		CB5219382884722A00C02520 /* UIColor+Extension.swift in Sources */ = {isa = PBXBuildFile; fileRef = CB5219372884722A00C02520 /* UIColor+Extension.swift */; };
		CB52193A2884728200C02520 /* UIViewController+Extension.swift in Sources */ = {isa = PBXBuildFile; fileRef = CB5219392884728200C02520 /* UIViewController+Extension.swift */; };
		CB52193C2884770A00C02520 /* UIFont+Extension.swift in Sources */ = {isa = PBXBuildFile; fileRef = CB52193B2884770A00C02520 /* UIFont+Extension.swift */; };
		CB52193E288477BB00C02520 /* UILabel+Extension.swift in Sources */ = {isa = PBXBuildFile; fileRef = CB52193D288477BB00C02520 /* UILabel+Extension.swift */; };
		CB7C26FA288690950062C432 /* CloseButton.swift in Sources */ = {isa = PBXBuildFile; fileRef = CB7C26F9288690950062C432 /* CloseButton.swift */; };
		CB7C26FF288699260062C432 /* Notification+Extension.swift in Sources */ = {isa = PBXBuildFile; fileRef = CB7C26FE288699260062C432 /* Notification+Extension.swift */; };
		CB7C270228869FF80062C432 /* SelectMemberViewController.swift in Sources */ = {isa = PBXBuildFile; fileRef = CB7C270128869FF80062C432 /* SelectMemberViewController.swift */; };
		CBC9AEE528853CBD003DC6B3 /* AlarmCollectionViewCell.swift in Sources */ = {isa = PBXBuildFile; fileRef = CBC9AEE428853CBD003DC6B3 /* AlarmCollectionViewCell.swift */; };
		CBC9AEE728853CFC003DC6B3 /* BaseCollectionViewCell.swift in Sources */ = {isa = PBXBuildFile; fileRef = CBC9AEE628853CFC003DC6B3 /* BaseCollectionViewCell.swift */; };
		CBC9AEE928853D07003DC6B3 /* BaseTableViewCell.swift in Sources */ = {isa = PBXBuildFile; fileRef = CBC9AEE828853D07003DC6B3 /* BaseTableViewCell.swift */; };
		CBC9AEEB28853E46003DC6B3 /* FriendCollectionViewCell.swift in Sources */ = {isa = PBXBuildFile; fileRef = CBC9AEEA28853E46003DC6B3 /* FriendCollectionViewCell.swift */; };
		CBC9AEEE28853F15003DC6B3 /* SettingViewController.swift in Sources */ = {isa = PBXBuildFile; fileRef = CBC9AEED28853F15003DC6B3 /* SettingViewController.swift */; };
		CBC9AEF1288542B8003DC6B3 /* MainButton.swift in Sources */ = {isa = PBXBuildFile; fileRef = CBC9AEF0288542B8003DC6B3 /* MainButton.swift */; };
		CBC9AEF328854342003DC6B3 /* UIView+Extension.swift in Sources */ = {isa = PBXBuildFile; fileRef = CBC9AEF228854342003DC6B3 /* UIView+Extension.swift */; };
		CBC9AEF728855106003DC6B3 /* Alarm.swift in Sources */ = {isa = PBXBuildFile; fileRef = CBC9AEF628855106003DC6B3 /* Alarm.swift */; };
		CBC9AEF928859C2A003DC6B3 /* UICollectionView+Extension.swift in Sources */ = {isa = PBXBuildFile; fileRef = CBC9AEF828859C2A003DC6B3 /* UICollectionView+Extension.swift */; };
		CBC9AEFB28859C4B003DC6B3 /* NSObject+Extension.swift in Sources */ = {isa = PBXBuildFile; fileRef = CBC9AEFA28859C4B003DC6B3 /* NSObject+Extension.swift */; };
		CBE9A4FE2885B60C0014B8F2 /* NewAlarmButton.swift in Sources */ = {isa = PBXBuildFile; fileRef = CBE9A4FD2885B60C0014B8F2 /* NewAlarmButton.swift */; };
		CBEEFBCD288631E10000ABD9 /* KnockDetailViewController.swift in Sources */ = {isa = PBXBuildFile; fileRef = CBEEFBCC288631E10000ABD9 /* KnockDetailViewController.swift */; };
		CBEEFBD0288635FD0000ABD9 /* NewKnockViewController.swift in Sources */ = {isa = PBXBuildFile; fileRef = CBEEFBCF288635FD0000ABD9 /* NewKnockViewController.swift */; };
		CBEEFBD3288638340000ABD9 /* MemberTableViewCell.swift in Sources */ = {isa = PBXBuildFile; fileRef = CBEEFBD2288638340000ABD9 /* MemberTableViewCell.swift */; };
		ECC9E9CB2B95D8BC57A9ACC3 /* Pods_KnockKnock.framework in Frameworks */ = {isa = PBXBuildFile; fileRef = 42DFBB473B015A54838FA48F /* Pods_KnockKnock.framework */; };
/* End PBXBuildFile section */

/* Begin PBXFileReference section */
		42DFBB473B015A54838FA48F /* Pods_KnockKnock.framework */ = {isa = PBXFileReference; explicitFileType = wrapper.framework; includeInIndex = 0; path = Pods_KnockKnock.framework; sourceTree = BUILT_PRODUCTS_DIR; };
		CB3A287428840F9500FB567A /* KnockKnock.app */ = {isa = PBXFileReference; explicitFileType = wrapper.application; includeInIndex = 0; path = KnockKnock.app; sourceTree = BUILT_PRODUCTS_DIR; };
		CB3A287728840F9500FB567A /* AppDelegate.swift */ = {isa = PBXFileReference; lastKnownFileType = sourcecode.swift; path = AppDelegate.swift; sourceTree = "<group>"; };
		CB3A287928840F9500FB567A /* SceneDelegate.swift */ = {isa = PBXFileReference; lastKnownFileType = sourcecode.swift; path = SceneDelegate.swift; sourceTree = "<group>"; };
		CB3A287B28840F9500FB567A /* LogInViewController.swift */ = {isa = PBXFileReference; lastKnownFileType = sourcecode.swift; path = LogInViewController.swift; sourceTree = "<group>"; };
		CB3A288028840F9600FB567A /* Assets.xcassets */ = {isa = PBXFileReference; lastKnownFileType = folder.assetcatalog; path = Assets.xcassets; sourceTree = "<group>"; };
		CB3A288328840F9600FB567A /* Base */ = {isa = PBXFileReference; lastKnownFileType = file.storyboard; name = Base; path = Base.lproj/LaunchScreen.storyboard; sourceTree = "<group>"; };
		CB3A288528840F9600FB567A /* Info.plist */ = {isa = PBXFileReference; lastKnownFileType = text.plist.xml; path = Info.plist; sourceTree = "<group>"; };
		CB3A288B288412EF00FB567A /* GoogleService-Info.plist */ = {isa = PBXFileReference; fileEncoding = 4; lastKnownFileType = text.plist.xml; path = "GoogleService-Info.plist"; sourceTree = "<group>"; };
		CB5219272884408B00C02520 /* MainViewController.swift */ = {isa = PBXFileReference; lastKnownFileType = sourcecode.swift; path = MainViewController.swift; sourceTree = "<group>"; };
		CB52192A28844AF100C02520 /* SignUpViewController.swift */ = {isa = PBXFileReference; lastKnownFileType = sourcecode.swift; path = SignUpViewController.swift; sourceTree = "<group>"; };
		CB52192C2884704400C02520 /* BaseViewController.swift */ = {isa = PBXFileReference; lastKnownFileType = sourcecode.swift; path = BaseViewController.swift; sourceTree = "<group>"; };
		CB52192E288470BA00C02520 /* BackButton.swift */ = {isa = PBXFileReference; lastKnownFileType = sourcecode.swift; path = BackButton.swift; sourceTree = "<group>"; };
		CB521930288470C700C02520 /* SettingButton.swift */ = {isa = PBXFileReference; lastKnownFileType = sourcecode.swift; path = SettingButton.swift; sourceTree = "<group>"; };
		CB521932288470E600C02520 /* ImageLiteral.swift */ = {isa = PBXFileReference; lastKnownFileType = sourcecode.swift; path = ImageLiteral.swift; sourceTree = "<group>"; };
		CB5219372884722A00C02520 /* UIColor+Extension.swift */ = {isa = PBXFileReference; lastKnownFileType = sourcecode.swift; path = "UIColor+Extension.swift"; sourceTree = "<group>"; };
		CB5219392884728200C02520 /* UIViewController+Extension.swift */ = {isa = PBXFileReference; lastKnownFileType = sourcecode.swift; path = "UIViewController+Extension.swift"; sourceTree = "<group>"; };
		CB52193B2884770A00C02520 /* UIFont+Extension.swift */ = {isa = PBXFileReference; lastKnownFileType = sourcecode.swift; path = "UIFont+Extension.swift"; sourceTree = "<group>"; };
		CB52193D288477BB00C02520 /* UILabel+Extension.swift */ = {isa = PBXFileReference; lastKnownFileType = sourcecode.swift; path = "UILabel+Extension.swift"; sourceTree = "<group>"; };
		CB7C26F9288690950062C432 /* CloseButton.swift */ = {isa = PBXFileReference; lastKnownFileType = sourcecode.swift; path = CloseButton.swift; sourceTree = "<group>"; };
		CB7C26FE288699260062C432 /* Notification+Extension.swift */ = {isa = PBXFileReference; lastKnownFileType = sourcecode.swift; path = "Notification+Extension.swift"; sourceTree = "<group>"; };
		CB7C270128869FF80062C432 /* SelectMemberViewController.swift */ = {isa = PBXFileReference; lastKnownFileType = sourcecode.swift; path = SelectMemberViewController.swift; sourceTree = "<group>"; };
		CBC9AEE428853CBD003DC6B3 /* AlarmCollectionViewCell.swift */ = {isa = PBXFileReference; lastKnownFileType = sourcecode.swift; path = AlarmCollectionViewCell.swift; sourceTree = "<group>"; };
		CBC9AEE628853CFC003DC6B3 /* BaseCollectionViewCell.swift */ = {isa = PBXFileReference; lastKnownFileType = sourcecode.swift; path = BaseCollectionViewCell.swift; sourceTree = "<group>"; };
		CBC9AEE828853D07003DC6B3 /* BaseTableViewCell.swift */ = {isa = PBXFileReference; lastKnownFileType = sourcecode.swift; path = BaseTableViewCell.swift; sourceTree = "<group>"; };
		CBC9AEEA28853E46003DC6B3 /* FriendCollectionViewCell.swift */ = {isa = PBXFileReference; lastKnownFileType = sourcecode.swift; path = FriendCollectionViewCell.swift; sourceTree = "<group>"; };
		CBC9AEED28853F15003DC6B3 /* SettingViewController.swift */ = {isa = PBXFileReference; lastKnownFileType = sourcecode.swift; path = SettingViewController.swift; sourceTree = "<group>"; };
		CBC9AEF0288542B8003DC6B3 /* MainButton.swift */ = {isa = PBXFileReference; lastKnownFileType = sourcecode.swift; path = MainButton.swift; sourceTree = "<group>"; };
		CBC9AEF228854342003DC6B3 /* UIView+Extension.swift */ = {isa = PBXFileReference; lastKnownFileType = sourcecode.swift; path = "UIView+Extension.swift"; sourceTree = "<group>"; };
		CBC9AEF628855106003DC6B3 /* Alarm.swift */ = {isa = PBXFileReference; lastKnownFileType = sourcecode.swift; path = Alarm.swift; sourceTree = "<group>"; };
		CBC9AEF828859C2A003DC6B3 /* UICollectionView+Extension.swift */ = {isa = PBXFileReference; lastKnownFileType = sourcecode.swift; path = "UICollectionView+Extension.swift"; sourceTree = "<group>"; };
		CBC9AEFA28859C4B003DC6B3 /* NSObject+Extension.swift */ = {isa = PBXFileReference; lastKnownFileType = sourcecode.swift; path = "NSObject+Extension.swift"; sourceTree = "<group>"; };
		CBE9A4FD2885B60C0014B8F2 /* NewAlarmButton.swift */ = {isa = PBXFileReference; lastKnownFileType = sourcecode.swift; path = NewAlarmButton.swift; sourceTree = "<group>"; };
		CBEEFBCC288631E10000ABD9 /* KnockDetailViewController.swift */ = {isa = PBXFileReference; lastKnownFileType = sourcecode.swift; path = KnockDetailViewController.swift; sourceTree = "<group>"; };
		CBEEFBCF288635FD0000ABD9 /* NewKnockViewController.swift */ = {isa = PBXFileReference; lastKnownFileType = sourcecode.swift; path = NewKnockViewController.swift; sourceTree = "<group>"; };
		CBEEFBD2288638340000ABD9 /* MemberTableViewCell.swift */ = {isa = PBXFileReference; lastKnownFileType = sourcecode.swift; path = MemberTableViewCell.swift; sourceTree = "<group>"; };
		E9BB8D68A0B82F208FEB338B /* Pods-KnockKnock.debug.xcconfig */ = {isa = PBXFileReference; includeInIndex = 1; lastKnownFileType = text.xcconfig; name = "Pods-KnockKnock.debug.xcconfig"; path = "Target Support Files/Pods-KnockKnock/Pods-KnockKnock.debug.xcconfig"; sourceTree = "<group>"; };
		F12D1DFFDEE64B6A7D6C062C /* Pods-KnockKnock.release.xcconfig */ = {isa = PBXFileReference; includeInIndex = 1; lastKnownFileType = text.xcconfig; name = "Pods-KnockKnock.release.xcconfig"; path = "Target Support Files/Pods-KnockKnock/Pods-KnockKnock.release.xcconfig"; sourceTree = "<group>"; };
/* End PBXFileReference section */

/* Begin PBXFrameworksBuildPhase section */
		CB3A287128840F9500FB567A /* Frameworks */ = {
			isa = PBXFrameworksBuildPhase;
			buildActionMask = 2147483647;
			files = (
				ECC9E9CB2B95D8BC57A9ACC3 /* Pods_KnockKnock.framework in Frameworks */,
			);
			runOnlyForDeploymentPostprocessing = 0;
		};
/* End PBXFrameworksBuildPhase section */

/* Begin PBXGroup section */
		0EAC28145A3DD59C3C06E5D9 /* Frameworks */ = {
			isa = PBXGroup;
			children = (
				42DFBB473B015A54838FA48F /* Pods_KnockKnock.framework */,
			);
			name = Frameworks;
			sourceTree = "<group>";
		};
		CB3A286B28840F9500FB567A = {
			isa = PBXGroup;
			children = (
				CB3A287628840F9500FB567A /* KnockKnock */,
				CB3A287528840F9500FB567A /* Products */,
				F522CBA1675FFF061BDC2052 /* Pods */,
				0EAC28145A3DD59C3C06E5D9 /* Frameworks */,
			);
			sourceTree = "<group>";
		};
		CB3A287528840F9500FB567A /* Products */ = {
			isa = PBXGroup;
			children = (
				CB3A287428840F9500FB567A /* KnockKnock.app */,
			);
			name = Products;
			sourceTree = "<group>";
		};
		CB3A287628840F9500FB567A /* KnockKnock */ = {
			isa = PBXGroup;
			children = (
				CBC9AEF4288550E9003DC6B3 /* Network */,
				CB3A288D28842EAC00FB567A /* Screen */,
				CB3A289028842ED200FB567A /* Global */,
			);
			path = KnockKnock;
			sourceTree = "<group>";
		};
		CB3A288D28842EAC00FB567A /* Screen */ = {
			isa = PBXGroup;
			children = (
				CB3A288F28842EB900FB567A /* LogIn */,
				CB52192928844AE000C02520 /* SignUp */,
				CB3A288E28842EB300FB567A /* Main */,
				CBEEFBCB288631920000ABD9 /* KnockDetail */,
				CBEEFBCE288635DA0000ABD9 /* NewKnock */,
				CB7C270028869FB30062C432 /* SelectMember */,
				CBC9AEEC28853F05003DC6B3 /* Setting */,
			);
			path = Screen;
			sourceTree = "<group>";
		};
		CB3A288E28842EB300FB567A /* Main */ = {
			isa = PBXGroup;
			children = (
				CBC9AEFF2885B5CA003DC6B3 /* UIComponent */,
				CBC9AEE328853C82003DC6B3 /* Cell */,
				CB5219272884408B00C02520 /* MainViewController.swift */,
			);
			path = Main;
			sourceTree = "<group>";
		};
		CB3A288F28842EB900FB567A /* LogIn */ = {
			isa = PBXGroup;
			children = (
				CB3A287B28840F9500FB567A /* LogInViewController.swift */,
			);
			path = LogIn;
			sourceTree = "<group>";
		};
		CB3A289028842ED200FB567A /* Global */ = {
			isa = PBXGroup;
			children = (
				CB5219342884716800C02520 /* Extension */,
				CB3A289228842EFB00FB567A /* Literal */,
				CB3A289328842F0500FB567A /* Base */,
				CB3A289428842F1100FB567A /* Support */,
				CB3A289828842FAD00FB567A /* UIComponent */,
				CB3A289628842F2900FB567A /* Resource */,
			);
			path = Global;
			sourceTree = "<group>";
		};
		CB3A289228842EFB00FB567A /* Literal */ = {
			isa = PBXGroup;
			children = (
				CB521932288470E600C02520 /* ImageLiteral.swift */,
			);
			path = Literal;
			sourceTree = "<group>";
		};
		CB3A289328842F0500FB567A /* Base */ = {
			isa = PBXGroup;
			children = (
				CB52192C2884704400C02520 /* BaseViewController.swift */,
				CBC9AEE628853CFC003DC6B3 /* BaseCollectionViewCell.swift */,
				CBC9AEE828853D07003DC6B3 /* BaseTableViewCell.swift */,
			);
			path = Base;
			sourceTree = "<group>";
		};
		CB3A289428842F1100FB567A /* Support */ = {
			isa = PBXGroup;
			children = (
				CB3A288528840F9600FB567A /* Info.plist */,
				CB3A288B288412EF00FB567A /* GoogleService-Info.plist */,
				CB3A287728840F9500FB567A /* AppDelegate.swift */,
				CB3A287928840F9500FB567A /* SceneDelegate.swift */,
			);
			path = Support;
			sourceTree = "<group>";
		};
		CB3A289628842F2900FB567A /* Resource */ = {
			isa = PBXGroup;
			children = (
				CB3A288028840F9600FB567A /* Assets.xcassets */,
				CB3A288228840F9600FB567A /* LaunchScreen.storyboard */,
			);
			path = Resource;
			sourceTree = "<group>";
		};
		CB3A289828842FAD00FB567A /* UIComponent */ = {
			isa = PBXGroup;
			children = (
				CB52192E288470BA00C02520 /* BackButton.swift */,
				CB7C26F9288690950062C432 /* CloseButton.swift */,
				CB521930288470C700C02520 /* SettingButton.swift */,
				CBC9AEF0288542B8003DC6B3 /* MainButton.swift */,
			);
			path = UIComponent;
			sourceTree = "<group>";
		};
		CB52192928844AE000C02520 /* SignUp */ = {
			isa = PBXGroup;
			children = (
				CB52192A28844AF100C02520 /* SignUpViewController.swift */,
			);
			path = SignUp;
			sourceTree = "<group>";
		};
		CB5219342884716800C02520 /* Extension */ = {
			isa = PBXGroup;
			children = (
				CB5219372884722A00C02520 /* UIColor+Extension.swift */,
				CB52193B2884770A00C02520 /* UIFont+Extension.swift */,
				CB5219392884728200C02520 /* UIViewController+Extension.swift */,
				CBC9AEF828859C2A003DC6B3 /* UICollectionView+Extension.swift */,
				CBC9AEFA28859C4B003DC6B3 /* NSObject+Extension.swift */,
				CBC9AEF228854342003DC6B3 /* UIView+Extension.swift */,
				CB52193D288477BB00C02520 /* UILabel+Extension.swift */,
				CB7C26FE288699260062C432 /* Notification+Extension.swift */,
			);
			path = Extension;
			sourceTree = "<group>";
		};
		CB7C270028869FB30062C432 /* SelectMember */ = {
			isa = PBXGroup;
			children = (
				CB7C270128869FF80062C432 /* SelectMemberViewController.swift */,
			);
			path = SelectMember;
			sourceTree = "<group>";
		};
		CBC9AEE328853C82003DC6B3 /* Cell */ = {
			isa = PBXGroup;
			children = (
				CBC9AEE428853CBD003DC6B3 /* AlarmCollectionViewCell.swift */,
				CBC9AEEA28853E46003DC6B3 /* FriendCollectionViewCell.swift */,
			);
			path = Cell;
			sourceTree = "<group>";
		};
		CBC9AEEC28853F05003DC6B3 /* Setting */ = {
			isa = PBXGroup;
			children = (
				CBC9AEED28853F15003DC6B3 /* SettingViewController.swift */,
			);
			path = Setting;
			sourceTree = "<group>";
		};
		CBC9AEF4288550E9003DC6B3 /* Network */ = {
			isa = PBXGroup;
			children = (
				CBC9AEF5288550F7003DC6B3 /* Model */,
			);
			path = Network;
			sourceTree = "<group>";
		};
		CBC9AEF5288550F7003DC6B3 /* Model */ = {
			isa = PBXGroup;
			children = (
				CBC9AEF628855106003DC6B3 /* Alarm.swift */,
			);
			path = Model;
			sourceTree = "<group>";
		};
		CBC9AEFF2885B5CA003DC6B3 /* UIComponent */ = {
			isa = PBXGroup;
			children = (
				CBE9A4FD2885B60C0014B8F2 /* NewAlarmButton.swift */,
			);
			path = UIComponent;
			sourceTree = "<group>";
		};
		CBEEFBCB288631920000ABD9 /* KnockDetail */ = {
			isa = PBXGroup;
			children = (
				CBEEFBD1288638220000ABD9 /* Cell */,
				CBEEFBCC288631E10000ABD9 /* KnockDetailViewController.swift */,
			);
			path = KnockDetail;
			sourceTree = "<group>";
		};
		CBEEFBCE288635DA0000ABD9 /* NewKnock */ = {
			isa = PBXGroup;
			children = (
				CBEEFBCF288635FD0000ABD9 /* NewKnockViewController.swift */,
			);
			path = NewKnock;
			sourceTree = "<group>";
		};
		CBEEFBD1288638220000ABD9 /* Cell */ = {
			isa = PBXGroup;
			children = (
				CBEEFBD2288638340000ABD9 /* MemberTableViewCell.swift */,
			);
			path = Cell;
			sourceTree = "<group>";
		};
		F522CBA1675FFF061BDC2052 /* Pods */ = {
			isa = PBXGroup;
			children = (
				E9BB8D68A0B82F208FEB338B /* Pods-KnockKnock.debug.xcconfig */,
				F12D1DFFDEE64B6A7D6C062C /* Pods-KnockKnock.release.xcconfig */,
			);
			path = Pods;
			sourceTree = "<group>";
		};
/* End PBXGroup section */

/* Begin PBXNativeTarget section */
		CB3A287328840F9500FB567A /* KnockKnock */ = {
			isa = PBXNativeTarget;
			buildConfigurationList = CB3A288828840F9600FB567A /* Build configuration list for PBXNativeTarget "KnockKnock" */;
			buildPhases = (
				4D03DDECB689D143B96EC590 /* [CP] Check Pods Manifest.lock */,
				CB3A287028840F9500FB567A /* Sources */,
				CB3A287128840F9500FB567A /* Frameworks */,
				CB3A287228840F9500FB567A /* Resources */,
				825D020774CD2207F2BEA039 /* [CP] Embed Pods Frameworks */,
			);
			buildRules = (
			);
			dependencies = (
			);
			name = KnockKnock;
			productName = KnockKnock;
			productReference = CB3A287428840F9500FB567A /* KnockKnock.app */;
			productType = "com.apple.product-type.application";
		};
/* End PBXNativeTarget section */

/* Begin PBXProject section */
		CB3A286C28840F9500FB567A /* Project object */ = {
			isa = PBXProject;
			attributes = {
				BuildIndependentTargetsInParallel = 1;
				LastSwiftUpdateCheck = 1340;
				LastUpgradeCheck = 1340;
				TargetAttributes = {
					CB3A287328840F9500FB567A = {
						CreatedOnToolsVersion = 13.4.1;
					};
				};
			};
			buildConfigurationList = CB3A286F28840F9500FB567A /* Build configuration list for PBXProject "KnockKnock" */;
			compatibilityVersion = "Xcode 13.0";
			developmentRegion = en;
			hasScannedForEncodings = 0;
			knownRegions = (
				en,
				Base,
			);
			mainGroup = CB3A286B28840F9500FB567A;
			productRefGroup = CB3A287528840F9500FB567A /* Products */;
			projectDirPath = "";
			projectRoot = "";
			targets = (
				CB3A287328840F9500FB567A /* KnockKnock */,
			);
		};
/* End PBXProject section */

/* Begin PBXResourcesBuildPhase section */
		CB3A287228840F9500FB567A /* Resources */ = {
			isa = PBXResourcesBuildPhase;
			buildActionMask = 2147483647;
			files = (
				CB3A288428840F9600FB567A /* LaunchScreen.storyboard in Resources */,
				CB3A288C288412EF00FB567A /* GoogleService-Info.plist in Resources */,
				CB3A288128840F9600FB567A /* Assets.xcassets in Resources */,
			);
			runOnlyForDeploymentPostprocessing = 0;
		};
/* End PBXResourcesBuildPhase section */

/* Begin PBXShellScriptBuildPhase section */
		4D03DDECB689D143B96EC590 /* [CP] Check Pods Manifest.lock */ = {
			isa = PBXShellScriptBuildPhase;
			buildActionMask = 2147483647;
			files = (
			);
			inputFileListPaths = (
			);
			inputPaths = (
				"${PODS_PODFILE_DIR_PATH}/Podfile.lock",
				"${PODS_ROOT}/Manifest.lock",
			);
			name = "[CP] Check Pods Manifest.lock";
			outputFileListPaths = (
			);
			outputPaths = (
				"$(DERIVED_FILE_DIR)/Pods-KnockKnock-checkManifestLockResult.txt",
			);
			runOnlyForDeploymentPostprocessing = 0;
			shellPath = /bin/sh;
			shellScript = "diff \"${PODS_PODFILE_DIR_PATH}/Podfile.lock\" \"${PODS_ROOT}/Manifest.lock\" > /dev/null\nif [ $? != 0 ] ; then\n    # print error to STDERR\n    echo \"error: The sandbox is not in sync with the Podfile.lock. Run 'pod install' or update your CocoaPods installation.\" >&2\n    exit 1\nfi\n# This output is used by Xcode 'outputs' to avoid re-running this script phase.\necho \"SUCCESS\" > \"${SCRIPT_OUTPUT_FILE_0}\"\n";
			showEnvVarsInLog = 0;
		};
		825D020774CD2207F2BEA039 /* [CP] Embed Pods Frameworks */ = {
			isa = PBXShellScriptBuildPhase;
			buildActionMask = 2147483647;
			files = (
			);
			inputFileListPaths = (
				"${PODS_ROOT}/Target Support Files/Pods-KnockKnock/Pods-KnockKnock-frameworks-${CONFIGURATION}-input-files.xcfilelist",
			);
			name = "[CP] Embed Pods Frameworks";
			outputFileListPaths = (
				"${PODS_ROOT}/Target Support Files/Pods-KnockKnock/Pods-KnockKnock-frameworks-${CONFIGURATION}-output-files.xcfilelist",
			);
			runOnlyForDeploymentPostprocessing = 0;
			shellPath = /bin/sh;
			shellScript = "\"${PODS_ROOT}/Target Support Files/Pods-KnockKnock/Pods-KnockKnock-frameworks.sh\"\n";
			showEnvVarsInLog = 0;
		};
/* End PBXShellScriptBuildPhase section */

/* Begin PBXSourcesBuildPhase section */
		CB3A287028840F9500FB567A /* Sources */ = {
			isa = PBXSourcesBuildPhase;
			buildActionMask = 2147483647;
			files = (
				CBEEFBCD288631E10000ABD9 /* KnockDetailViewController.swift in Sources */,
				CBC9AEE928853D07003DC6B3 /* BaseTableViewCell.swift in Sources */,
				CB52193A2884728200C02520 /* UIViewController+Extension.swift in Sources */,
				CBC9AEE528853CBD003DC6B3 /* AlarmCollectionViewCell.swift in Sources */,
				CBEEFBD3288638340000ABD9 /* MemberTableViewCell.swift in Sources */,
				CBC9AEFB28859C4B003DC6B3 /* NSObject+Extension.swift in Sources */,
				CB7C270228869FF80062C432 /* SelectMemberViewController.swift in Sources */,
				CB521931288470C700C02520 /* SettingButton.swift in Sources */,
				CB7C26FF288699260062C432 /* Notification+Extension.swift in Sources */,
				CB3A287C28840F9500FB567A /* LogInViewController.swift in Sources */,
				CBC9AEF728855106003DC6B3 /* Alarm.swift in Sources */,
				CBC9AEEE28853F15003DC6B3 /* SettingViewController.swift in Sources */,
				CB3A287828840F9500FB567A /* AppDelegate.swift in Sources */,
				CBC9AEE728853CFC003DC6B3 /* BaseCollectionViewCell.swift in Sources */,
				CB5219382884722A00C02520 /* UIColor+Extension.swift in Sources */,
				CB3A287A28840F9500FB567A /* SceneDelegate.swift in Sources */,
				CB52193C2884770A00C02520 /* UIFont+Extension.swift in Sources */,
				CBC9AEF928859C2A003DC6B3 /* UICollectionView+Extension.swift in Sources */,
				CB521933288470E600C02520 /* ImageLiteral.swift in Sources */,
				CB5219282884408B00C02520 /* MainViewController.swift in Sources */,
				CB7C26FA288690950062C432 /* CloseButton.swift in Sources */,
				CBC9AEEB28853E46003DC6B3 /* FriendCollectionViewCell.swift in Sources */,
				CBC9AEF1288542B8003DC6B3 /* MainButton.swift in Sources */,
				CB52192B28844AF100C02520 /* SignUpViewController.swift in Sources */,
				CB52192F288470BA00C02520 /* BackButton.swift in Sources */,
				CB52193E288477BB00C02520 /* UILabel+Extension.swift in Sources */,
				CBC9AEF328854342003DC6B3 /* UIView+Extension.swift in Sources */,
				CB52192D2884704400C02520 /* BaseViewController.swift in Sources */,
				CBEEFBD0288635FD0000ABD9 /* NewKnockViewController.swift in Sources */,
				CBE9A4FE2885B60C0014B8F2 /* NewAlarmButton.swift in Sources */,
			);
			runOnlyForDeploymentPostprocessing = 0;
		};
/* End PBXSourcesBuildPhase section */

/* Begin PBXVariantGroup section */
		CB3A288228840F9600FB567A /* LaunchScreen.storyboard */ = {
			isa = PBXVariantGroup;
			children = (
				CB3A288328840F9600FB567A /* Base */,
			);
			name = LaunchScreen.storyboard;
			sourceTree = "<group>";
		};
/* End PBXVariantGroup section */

/* Begin XCBuildConfiguration section */
		CB3A288628840F9600FB567A /* Debug */ = {
			isa = XCBuildConfiguration;
			buildSettings = {
				ALWAYS_SEARCH_USER_PATHS = NO;
				CLANG_ANALYZER_NONNULL = YES;
				CLANG_ANALYZER_NUMBER_OBJECT_CONVERSION = YES_AGGRESSIVE;
				CLANG_CXX_LANGUAGE_STANDARD = "gnu++17";
				CLANG_ENABLE_MODULES = YES;
				CLANG_ENABLE_OBJC_ARC = YES;
				CLANG_ENABLE_OBJC_WEAK = YES;
				CLANG_WARN_BLOCK_CAPTURE_AUTORELEASING = YES;
				CLANG_WARN_BOOL_CONVERSION = YES;
				CLANG_WARN_COMMA = YES;
				CLANG_WARN_CONSTANT_CONVERSION = YES;
				CLANG_WARN_DEPRECATED_OBJC_IMPLEMENTATIONS = YES;
				CLANG_WARN_DIRECT_OBJC_ISA_USAGE = YES_ERROR;
				CLANG_WARN_DOCUMENTATION_COMMENTS = YES;
				CLANG_WARN_EMPTY_BODY = YES;
				CLANG_WARN_ENUM_CONVERSION = YES;
				CLANG_WARN_INFINITE_RECURSION = YES;
				CLANG_WARN_INT_CONVERSION = YES;
				CLANG_WARN_NON_LITERAL_NULL_CONVERSION = YES;
				CLANG_WARN_OBJC_IMPLICIT_RETAIN_SELF = YES;
				CLANG_WARN_OBJC_LITERAL_CONVERSION = YES;
				CLANG_WARN_OBJC_ROOT_CLASS = YES_ERROR;
				CLANG_WARN_QUOTED_INCLUDE_IN_FRAMEWORK_HEADER = YES;
				CLANG_WARN_RANGE_LOOP_ANALYSIS = YES;
				CLANG_WARN_STRICT_PROTOTYPES = YES;
				CLANG_WARN_SUSPICIOUS_MOVE = YES;
				CLANG_WARN_UNGUARDED_AVAILABILITY = YES_AGGRESSIVE;
				CLANG_WARN_UNREACHABLE_CODE = YES;
				CLANG_WARN__DUPLICATE_METHOD_MATCH = YES;
				COPY_PHASE_STRIP = NO;
				DEBUG_INFORMATION_FORMAT = dwarf;
				ENABLE_STRICT_OBJC_MSGSEND = YES;
				ENABLE_TESTABILITY = YES;
				GCC_C_LANGUAGE_STANDARD = gnu11;
				GCC_DYNAMIC_NO_PIC = NO;
				GCC_NO_COMMON_BLOCKS = YES;
				GCC_OPTIMIZATION_LEVEL = 0;
				GCC_PREPROCESSOR_DEFINITIONS = (
					"DEBUG=1",
					"$(inherited)",
				);
				GCC_WARN_64_TO_32_BIT_CONVERSION = YES;
				GCC_WARN_ABOUT_RETURN_TYPE = YES_ERROR;
				GCC_WARN_UNDECLARED_SELECTOR = YES;
				GCC_WARN_UNINITIALIZED_AUTOS = YES_AGGRESSIVE;
				GCC_WARN_UNUSED_FUNCTION = YES;
				GCC_WARN_UNUSED_VARIABLE = YES;
				IPHONEOS_DEPLOYMENT_TARGET = 15.5;
				MTL_ENABLE_DEBUG_INFO = INCLUDE_SOURCE;
				MTL_FAST_MATH = YES;
				ONLY_ACTIVE_ARCH = YES;
				SDKROOT = iphoneos;
				SWIFT_ACTIVE_COMPILATION_CONDITIONS = DEBUG;
				SWIFT_OPTIMIZATION_LEVEL = "-Onone";
			};
			name = Debug;
		};
		CB3A288728840F9600FB567A /* Release */ = {
			isa = XCBuildConfiguration;
			buildSettings = {
				ALWAYS_SEARCH_USER_PATHS = NO;
				CLANG_ANALYZER_NONNULL = YES;
				CLANG_ANALYZER_NUMBER_OBJECT_CONVERSION = YES_AGGRESSIVE;
				CLANG_CXX_LANGUAGE_STANDARD = "gnu++17";
				CLANG_ENABLE_MODULES = YES;
				CLANG_ENABLE_OBJC_ARC = YES;
				CLANG_ENABLE_OBJC_WEAK = YES;
				CLANG_WARN_BLOCK_CAPTURE_AUTORELEASING = YES;
				CLANG_WARN_BOOL_CONVERSION = YES;
				CLANG_WARN_COMMA = YES;
				CLANG_WARN_CONSTANT_CONVERSION = YES;
				CLANG_WARN_DEPRECATED_OBJC_IMPLEMENTATIONS = YES;
				CLANG_WARN_DIRECT_OBJC_ISA_USAGE = YES_ERROR;
				CLANG_WARN_DOCUMENTATION_COMMENTS = YES;
				CLANG_WARN_EMPTY_BODY = YES;
				CLANG_WARN_ENUM_CONVERSION = YES;
				CLANG_WARN_INFINITE_RECURSION = YES;
				CLANG_WARN_INT_CONVERSION = YES;
				CLANG_WARN_NON_LITERAL_NULL_CONVERSION = YES;
				CLANG_WARN_OBJC_IMPLICIT_RETAIN_SELF = YES;
				CLANG_WARN_OBJC_LITERAL_CONVERSION = YES;
				CLANG_WARN_OBJC_ROOT_CLASS = YES_ERROR;
				CLANG_WARN_QUOTED_INCLUDE_IN_FRAMEWORK_HEADER = YES;
				CLANG_WARN_RANGE_LOOP_ANALYSIS = YES;
				CLANG_WARN_STRICT_PROTOTYPES = YES;
				CLANG_WARN_SUSPICIOUS_MOVE = YES;
				CLANG_WARN_UNGUARDED_AVAILABILITY = YES_AGGRESSIVE;
				CLANG_WARN_UNREACHABLE_CODE = YES;
				CLANG_WARN__DUPLICATE_METHOD_MATCH = YES;
				COPY_PHASE_STRIP = NO;
				DEBUG_INFORMATION_FORMAT = "dwarf-with-dsym";
				ENABLE_NS_ASSERTIONS = NO;
				ENABLE_STRICT_OBJC_MSGSEND = YES;
				GCC_C_LANGUAGE_STANDARD = gnu11;
				GCC_NO_COMMON_BLOCKS = YES;
				GCC_WARN_64_TO_32_BIT_CONVERSION = YES;
				GCC_WARN_ABOUT_RETURN_TYPE = YES_ERROR;
				GCC_WARN_UNDECLARED_SELECTOR = YES;
				GCC_WARN_UNINITIALIZED_AUTOS = YES_AGGRESSIVE;
				GCC_WARN_UNUSED_FUNCTION = YES;
				GCC_WARN_UNUSED_VARIABLE = YES;
				IPHONEOS_DEPLOYMENT_TARGET = 15.5;
				MTL_ENABLE_DEBUG_INFO = NO;
				MTL_FAST_MATH = YES;
				SDKROOT = iphoneos;
				SWIFT_COMPILATION_MODE = wholemodule;
				SWIFT_OPTIMIZATION_LEVEL = "-O";
				VALIDATE_PRODUCT = YES;
			};
			name = Release;
		};
		CB3A288928840F9600FB567A /* Debug */ = {
			isa = XCBuildConfiguration;
			baseConfigurationReference = E9BB8D68A0B82F208FEB338B /* Pods-KnockKnock.debug.xcconfig */;
			buildSettings = {
				ASSETCATALOG_COMPILER_APPICON_NAME = AppIcon;
				ASSETCATALOG_COMPILER_GLOBAL_ACCENT_COLOR_NAME = AccentColor;
				CODE_SIGN_STYLE = Automatic;
				CURRENT_PROJECT_VERSION = 1;
				DEVELOPMENT_TEAM = 3Y8YH8GWMM;
				GENERATE_INFOPLIST_FILE = YES;
				INFOPLIST_FILE = KnockKnock/Global/Support/Info.plist;
				INFOPLIST_KEY_UIApplicationSupportsIndirectInputEvents = YES;
				INFOPLIST_KEY_UILaunchStoryboardName = LaunchScreen;
				INFOPLIST_KEY_UISupportedInterfaceOrientations = "UIInterfaceOrientationPortrait UIInterfaceOrientationLandscapeLeft UIInterfaceOrientationLandscapeRight";
				INFOPLIST_KEY_UISupportedInterfaceOrientations_iPad = "UIInterfaceOrientationPortrait UIInterfaceOrientationPortraitUpsideDown UIInterfaceOrientationLandscapeLeft UIInterfaceOrientationLandscapeRight";
				INFOPLIST_KEY_UISupportedInterfaceOrientations_iPhone = "UIInterfaceOrientationPortrait UIInterfaceOrientationLandscapeLeft UIInterfaceOrientationLandscapeRight";
				LD_RUNPATH_SEARCH_PATHS = (
					"$(inherited)",
					"@executable_path/Frameworks",
				);
				MARKETING_VERSION = 1.0;
				PRODUCT_BUNDLE_IDENTIFIER = com.coby.KnockKnock;
				PRODUCT_NAME = "$(TARGET_NAME)";
				SWIFT_EMIT_LOC_STRINGS = YES;
				SWIFT_VERSION = 5.0;
				TARGETED_DEVICE_FAMILY = 1;
			};
			name = Debug;
		};
		CB3A288A28840F9600FB567A /* Release */ = {
			isa = XCBuildConfiguration;
			baseConfigurationReference = F12D1DFFDEE64B6A7D6C062C /* Pods-KnockKnock.release.xcconfig */;
			buildSettings = {
				ASSETCATALOG_COMPILER_APPICON_NAME = AppIcon;
				ASSETCATALOG_COMPILER_GLOBAL_ACCENT_COLOR_NAME = AccentColor;
				CODE_SIGN_STYLE = Automatic;
				CURRENT_PROJECT_VERSION = 1;
				DEVELOPMENT_TEAM = 3Y8YH8GWMM;
				GENERATE_INFOPLIST_FILE = YES;
				INFOPLIST_FILE = KnockKnock/Global/Support/Info.plist;
				INFOPLIST_KEY_UIApplicationSupportsIndirectInputEvents = YES;
				INFOPLIST_KEY_UILaunchStoryboardName = LaunchScreen;
				INFOPLIST_KEY_UISupportedInterfaceOrientations = "UIInterfaceOrientationPortrait UIInterfaceOrientationLandscapeLeft UIInterfaceOrientationLandscapeRight";
				INFOPLIST_KEY_UISupportedInterfaceOrientations_iPad = "UIInterfaceOrientationPortrait UIInterfaceOrientationPortraitUpsideDown UIInterfaceOrientationLandscapeLeft UIInterfaceOrientationLandscapeRight";
				INFOPLIST_KEY_UISupportedInterfaceOrientations_iPhone = "UIInterfaceOrientationPortrait UIInterfaceOrientationLandscapeLeft UIInterfaceOrientationLandscapeRight";
				LD_RUNPATH_SEARCH_PATHS = (
					"$(inherited)",
					"@executable_path/Frameworks",
				);
				MARKETING_VERSION = 1.0;
				PRODUCT_BUNDLE_IDENTIFIER = com.coby.KnockKnock;
				PRODUCT_NAME = "$(TARGET_NAME)";
				SWIFT_EMIT_LOC_STRINGS = YES;
				SWIFT_VERSION = 5.0;
				TARGETED_DEVICE_FAMILY = 1;
			};
			name = Release;
		};
/* End XCBuildConfiguration section */

/* Begin XCConfigurationList section */
		CB3A286F28840F9500FB567A /* Build configuration list for PBXProject "KnockKnock" */ = {
			isa = XCConfigurationList;
			buildConfigurations = (
				CB3A288628840F9600FB567A /* Debug */,
				CB3A288728840F9600FB567A /* Release */,
			);
			defaultConfigurationIsVisible = 0;
			defaultConfigurationName = Release;
		};
		CB3A288828840F9600FB567A /* Build configuration list for PBXNativeTarget "KnockKnock" */ = {
			isa = XCConfigurationList;
			buildConfigurations = (
				CB3A288928840F9600FB567A /* Debug */,
				CB3A288A28840F9600FB567A /* Release */,
			);
			defaultConfigurationIsVisible = 0;
			defaultConfigurationName = Release;
		};
/* End XCConfigurationList section */
	};
	rootObject = CB3A286C28840F9500FB567A /* Project object */;
}
